
Microsoft Visual Studio Solution File, Format Version 12.00
# Visual Studio 15
VisualStudioVersion = 15.0.26124.0
MinimumVisualStudioVersion = 15.0.26124.0
Project("{FAE04EC0-301F-11D3-BF4B-00C04F79EFBC}") = "Domain", "Domain\Domain.csproj", "{04DB1E56-0014-4085-AE59-F30603806B94}"
EndProject
Project("{FAE04EC0-301F-11D3-BF4B-00C04F79EFBC}") = "Application", "Application\Application.csproj", "{43D02A21-38DE-4343-B5BD-038084065A81}"
EndProject
Project("{FAE04EC0-301F-11D3-BF4B-00C04F79EFBC}") = "Persistence", "Persistence\Persistence.csproj", "{039AF789-EE65-496C-A3B8-297C2D542A26}"
EndProject
Project("{FAE04EC0-301F-11D3-BF4B-00C04F79EFBC}") = "API", "API\API.csproj", "{C664D45D-DCD8-442F-9EED-6C8335B1DAD5}"
EndProject
Global
	GlobalSection(SolutionConfigurationPlatforms) = preSolution
		Debug|Any CPU = Debug|Any CPU
		Debug|x64 = Debug|x64
		Debug|x86 = Debug|x86
		Release|Any CPU = Release|Any CPU
		Release|x64 = Release|x64
		Release|x86 = Release|x86
	EndGlobalSection
	GlobalSection(SolutionProperties) = preSolution
		HideSolutionNode = FALSE
	EndGlobalSection
	GlobalSection(ProjectConfigurationPlatforms) = postSolution
		{04DB1E56-0014-4085-AE59-F30603806B94}.Debug|Any CPU.ActiveCfg = Debug|Any CPU
		{04DB1E56-0014-4085-AE59-F30603806B94}.Debug|Any CPU.Build.0 = Debug|Any CPU
		{04DB1E56-0014-4085-AE59-F30603806B94}.Debug|x64.ActiveCfg = Debug|Any CPU
		{04DB1E56-0014-4085-AE59-F30603806B94}.Debug|x64.Build.0 = Debug|Any CPU
		{04DB1E56-0014-4085-AE59-F30603806B94}.Debug|x86.ActiveCfg = Debug|Any CPU
		{04DB1E56-0014-4085-AE59-F30603806B94}.Debug|x86.Build.0 = Debug|Any CPU
		{04DB1E56-0014-4085-AE59-F30603806B94}.Release|Any CPU.ActiveCfg = Release|Any CPU
		{04DB1E56-0014-4085-AE59-F30603806B94}.Release|Any CPU.Build.0 = Release|Any CPU
		{04DB1E56-0014-4085-AE59-F30603806B94}.Release|x64.ActiveCfg = Release|Any CPU
		{04DB1E56-0014-4085-AE59-F30603806B94}.Release|x64.Build.0 = Release|Any CPU
		{04DB1E56-0014-4085-AE59-F30603806B94}.Release|x86.ActiveCfg = Release|Any CPU
		{04DB1E56-0014-4085-AE59-F30603806B94}.Release|x86.Build.0 = Release|Any CPU
		{43D02A21-38DE-4343-B5BD-038084065A81}.Debug|Any CPU.ActiveCfg = Debug|Any CPU
		{43D02A21-38DE-4343-B5BD-038084065A81}.Debug|Any CPU.Build.0 = Debug|Any CPU
		{43D02A21-38DE-4343-B5BD-038084065A81}.Debug|x64.ActiveCfg = Debug|Any CPU
		{43D02A21-38DE-4343-B5BD-038084065A81}.Debug|x64.Build.0 = Debug|Any CPU
		{43D02A21-38DE-4343-B5BD-038084065A81}.Debug|x86.ActiveCfg = Debug|Any CPU
		{43D02A21-38DE-4343-B5BD-038084065A81}.Debug|x86.Build.0 = Debug|Any CPU
		{43D02A21-38DE-4343-B5BD-038084065A81}.Release|Any CPU.ActiveCfg = Release|Any CPU
		{43D02A21-38DE-4343-B5BD-038084065A81}.Release|Any CPU.Build.0 = Release|Any CPU
		{43D02A21-38DE-4343-B5BD-038084065A81}.Release|x64.ActiveCfg = Release|Any CPU
		{43D02A21-38DE-4343-B5BD-038084065A81}.Release|x64.Build.0 = Release|Any CPU
		{43D02A21-38DE-4343-B5BD-038084065A81}.Release|x86.ActiveCfg = Release|Any CPU
		{43D02A21-38DE-4343-B5BD-038084065A81}.Release|x86.Build.0 = Release|Any CPU
		{039AF789-EE65-496C-A3B8-297C2D542A26}.Debug|Any CPU.ActiveCfg = Debug|Any CPU
		{039AF789-EE65-496C-A3B8-297C2D542A26}.Debug|Any CPU.Build.0 = Debug|Any CPU
		{039AF789-EE65-496C-A3B8-297C2D542A26}.Debug|x64.ActiveCfg = Debug|Any CPU
		{039AF789-EE65-496C-A3B8-297C2D542A26}.Debug|x64.Build.0 = Debug|Any CPU
		{039AF789-EE65-496C-A3B8-297C2D542A26}.Debug|x86.ActiveCfg = Debug|Any CPU
		{039AF789-EE65-496C-A3B8-297C2D542A26}.Debug|x86.Build.0 = Debug|Any CPU
		{039AF789-EE65-496C-A3B8-297C2D542A26}.Release|Any CPU.ActiveCfg = Release|Any CPU
		{039AF789-EE65-496C-A3B8-297C2D542A26}.Release|Any CPU.Build.0 = Release|Any CPU
		{039AF789-EE65-496C-A3B8-297C2D542A26}.Release|x64.ActiveCfg = Release|Any CPU
		{039AF789-EE65-496C-A3B8-297C2D542A26}.Release|x64.Build.0 = Release|Any CPU
		{039AF789-EE65-496C-A3B8-297C2D542A26}.Release|x86.ActiveCfg = Release|Any CPU
		{039AF789-EE65-496C-A3B8-297C2D542A26}.Release|x86.Build.0 = Release|Any CPU
		{C664D45D-DCD8-442F-9EED-6C8335B1DAD5}.Debug|Any CPU.ActiveCfg = Debug|Any CPU
		{C664D45D-DCD8-442F-9EED-6C8335B1DAD5}.Debug|Any CPU.Build.0 = Debug|Any CPU
		{C664D45D-DCD8-442F-9EED-6C8335B1DAD5}.Debug|x64.ActiveCfg = Debug|Any CPU
		{C664D45D-DCD8-442F-9EED-6C8335B1DAD5}.Debug|x64.Build.0 = Debug|Any CPU
		{C664D45D-DCD8-442F-9EED-6C8335B1DAD5}.Debug|x86.ActiveCfg = Debug|Any CPU
		{C664D45D-DCD8-442F-9EED-6C8335B1DAD5}.Debug|x86.Build.0 = Debug|Any CPU
		{C664D45D-DCD8-442F-9EED-6C8335B1DAD5}.Release|Any CPU.ActiveCfg = Release|Any CPU
		{C664D45D-DCD8-442F-9EED-6C8335B1DAD5}.Release|Any CPU.Build.0 = Release|Any CPU
		{C664D45D-DCD8-442F-9EED-6C8335B1DAD5}.Release|x64.ActiveCfg = Release|Any CPU
		{C664D45D-DCD8-442F-9EED-6C8335B1DAD5}.Release|x64.Build.0 = Release|Any CPU
		{C664D45D-DCD8-442F-9EED-6C8335B1DAD5}.Release|x86.ActiveCfg = Release|Any CPU
		{C664D45D-DCD8-442F-9EED-6C8335B1DAD5}.Release|x86.Build.0 = Release|Any CPU
	EndGlobalSection
EndGlobal
